
Microsoft Visual Studio Solution File, Format Version 12.00
# Visual Studio Version 16
VisualStudioVersion = 16.0.31702.278
MinimumVisualStudioVersion = 10.0.40219.1
Project("{FAE04EC0-301F-11D3-BF4B-00C04F79EFBC}") = "task2-hierarchical_list", "task2-hierarchical_list\task2-hierarchical_list.csproj", "{F376415B-FD47-4CF4-9177-3CC026BB1186}"
EndProject
Global
	GlobalSection(SolutionConfigurationPlatforms) = preSolution
		Debug|Any CPU = Debug|Any CPU
		Release|Any CPU = Release|Any CPU
	EndGlobalSection
	GlobalSection(ProjectConfigurationPlatforms) = postSolution
		{F376415B-FD47-4CF4-9177-3CC026BB1186}.Debug|Any CPU.ActiveCfg = Debug|Any CPU
		{F376415B-FD47-4CF4-9177-3CC026BB1186}.Debug|Any CPU.Build.0 = Debug|Any CPU
		{F376415B-FD47-4CF4-9177-3CC026BB1186}.Release|Any CPU.ActiveCfg = Release|Any CPU
		{F376415B-FD47-4CF4-9177-3CC026BB1186}.Release|Any CPU.Build.0 = Release|Any CPU
	EndGlobalSection
	GlobalSection(SolutionProperties) = preSolution
		HideSolutionNode = FALSE
	EndGlobalSection
	GlobalSection(ExtensibilityGlobals) = postSolution
		SolutionGuid = {9E2D70C0-4C55-49B7-B672-6DB3892C1A08}
	EndGlobalSection
EndGlobal
